
Microsoft Visual Studio Solution File, Format Version 12.00
# Visual Studio 15
VisualStudioVersion = 15.0.27428.2037
MinimumVisualStudioVersion = 10.0.40219.1
Project("{FAE04EC0-301F-11D3-BF4B-00C04F79EFBC}") = "TicTacToe", "TicTacToe\TicTacToe.csproj", "{2436B1A3-4A89-423B-9478-B6F19FADEBBB}"
EndProject
Global
	GlobalSection(SolutionConfigurationPlatforms) = preSolution
		Debug|Any CPU = Debug|Any CPU
		Release|Any CPU = Release|Any CPU
	EndGlobalSection
	GlobalSection(ProjectConfigurationPlatforms) = postSolution
		{2436B1A3-4A89-423B-9478-B6F19FADEBBB}.Debug|Any CPU.ActiveCfg = Debug|Any CPU
		{2436B1A3-4A89-423B-9478-B6F19FADEBBB}.Debug|Any CPU.Build.0 = Debug|Any CPU
		{2436B1A3-4A89-423B-9478-B6F19FADEBBB}.Release|Any CPU.ActiveCfg = Release|Any CPU
		{2436B1A3-4A89-423B-9478-B6F19FADEBBB}.Release|Any CPU.Build.0 = Release|Any CPU
	EndGlobalSection
	GlobalSection(SolutionProperties) = preSolution
		HideSolutionNode = FALSE
	EndGlobalSection
	GlobalSection(ExtensibilityGlobals) = postSolution
		SolutionGuid = {88455D0C-BC89-4A31-A607-C7F7E847E4B1}
	EndGlobalSection
EndGlobal
